
Microsoft Visual Studio Solution File, Format Version 12.00
# Visual Studio Version 17
VisualStudioVersion = 17.3.32922.545
MinimumVisualStudioVersion = 10.0.40219.1
Project("{8BC9CEB8-8B4A-11D0-8D11-00A0C91BC942}") = "lab06.1(2)", "lab06.1(2)\lab06.1(2).vcxproj", "{0888567A-87A1-4431-A24E-00930E9B6208}"
EndProject
Project("{8BC9CEB8-8B4A-11D0-8D11-00A0C91BC942}") = "UnitTest1", "UnitTest1\UnitTest1.vcxproj", "{236E9D57-156D-40EF-8462-4932F9C2918B}"
EndProject
Global
	GlobalSection(SolutionConfigurationPlatforms) = preSolution
		Debug|x64 = Debug|x64
		Debug|x86 = Debug|x86
		Release|x64 = Release|x64
		Release|x86 = Release|x86
	EndGlobalSection
	GlobalSection(ProjectConfigurationPlatforms) = postSolution
		{0888567A-87A1-4431-A24E-00930E9B6208}.Debug|x64.ActiveCfg = Debug|x64
		{0888567A-87A1-4431-A24E-00930E9B6208}.Debug|x64.Build.0 = Debug|x64
		{0888567A-87A1-4431-A24E-00930E9B6208}.Debug|x86.ActiveCfg = Debug|Win32
		{0888567A-87A1-4431-A24E-00930E9B6208}.Debug|x86.Build.0 = Debug|Win32
		{0888567A-87A1-4431-A24E-00930E9B6208}.Release|x64.ActiveCfg = Release|x64
		{0888567A-87A1-4431-A24E-00930E9B6208}.Release|x64.Build.0 = Release|x64
		{0888567A-87A1-4431-A24E-00930E9B6208}.Release|x86.ActiveCfg = Release|Win32
		{0888567A-87A1-4431-A24E-00930E9B6208}.Release|x86.Build.0 = Release|Win32
		{236E9D57-156D-40EF-8462-4932F9C2918B}.Debug|x64.ActiveCfg = Debug|x64
		{236E9D57-156D-40EF-8462-4932F9C2918B}.Debug|x64.Build.0 = Debug|x64
		{236E9D57-156D-40EF-8462-4932F9C2918B}.Debug|x86.ActiveCfg = Debug|Win32
		{236E9D57-156D-40EF-8462-4932F9C2918B}.Debug|x86.Build.0 = Debug|Win32
		{236E9D57-156D-40EF-8462-4932F9C2918B}.Release|x64.ActiveCfg = Release|x64
		{236E9D57-156D-40EF-8462-4932F9C2918B}.Release|x64.Build.0 = Release|x64
		{236E9D57-156D-40EF-8462-4932F9C2918B}.Release|x86.ActiveCfg = Release|Win32
		{236E9D57-156D-40EF-8462-4932F9C2918B}.Release|x86.Build.0 = Release|Win32
	EndGlobalSection
	GlobalSection(SolutionProperties) = preSolution
		HideSolutionNode = FALSE
	EndGlobalSection
	GlobalSection(ExtensibilityGlobals) = postSolution
		SolutionGuid = {910A2229-B650-4564-AAB9-864B19E188FC}
	EndGlobalSection
EndGlobal
